
Microsoft Visual Studio Solution File, Format Version 12.00
# Visual Studio Version 17
VisualStudioVersion = 17.12.35707.178 d17.12
MinimumVisualStudioVersion = 10.0.40219.1
Project("{FAE04EC0-301F-11D3-BF4B-00C04F79EFBC}") = "reactBackend", "reactBackend\reactBackend.csproj", "{DCA18FB4-945D-473D-84A2-B98C41CED32B}"
EndProject
Global
	GlobalSection(SolutionConfigurationPlatforms) = preSolution
		Debug|Any CPU = Debug|Any CPU
		Release|Any CPU = Release|Any CPU
	EndGlobalSection
	GlobalSection(ProjectConfigurationPlatforms) = postSolution
		{DCA18FB4-945D-473D-84A2-B98C41CED32B}.Debug|Any CPU.ActiveCfg = Debug|Any CPU
		{DCA18FB4-945D-473D-84A2-B98C41CED32B}.Debug|Any CPU.Build.0 = Debug|Any CPU
		{DCA18FB4-945D-473D-84A2-B98C41CED32B}.Release|Any CPU.ActiveCfg = Release|Any CPU
		{DCA18FB4-945D-473D-84A2-B98C41CED32B}.Release|Any CPU.Build.0 = Release|Any CPU
	EndGlobalSection
	GlobalSection(SolutionProperties) = preSolution
		HideSolutionNode = FALSE
	EndGlobalSection
EndGlobal
